{
    "requires": true,
    "lockfileVersion": 1,
    "dependencies": {
        "sweetalert2": {
            "version": "8.14.0",
            "resolved": "https://registry.npmjs.org/sweetalert2/-/sweetalert2-8.14.0.tgz",
            "integrity": "sha512-PFzwbrbMKmBUcbc6pPW6NPygiRHNVExQHg376nKf3Z6wfYnyrYRlO2gEENkcvtTUFX65D479DxB0hnw+AvlJkA=="
        }
    }
}
